
Microsoft Visual Studio Solution File, Format Version 11.00
# Visual Studio 2010
Project("{FAE04EC0-301F-11D3-BF4B-00C04F79EFBC}") = "IABazaar.Core", "IABazaar.Core\IABazaar.Core.csproj", "{365E2586-4952-4064-B846-6FD90D07AFEA}"
EndProject
Project("{FAE04EC0-301F-11D3-BF4B-00C04F79EFBC}") = "IABazaar.Repository", "IABazaar.Repository\IABazaar.Repository.csproj", "{9B52E668-4264-40D2-9F4E-B8700A75FD02}"
EndProject
Project("{E24C65DC-7377-472B-9ABA-BC803B73C61A}") = "IABazaar.Website", "IABazaar.Website\", "{72C76D6E-DD48-45A9-AB6B-C64BED64C523}"
	ProjectSection(WebsiteProperties) = preProject
		TargetFrameworkMoniker = ".NETFramework,Version%3Dv4.0"
		ProjectReferences = "{365E2586-4952-4064-B846-6FD90D07AFEA}|IABazaar.Core.dll;{9B52E668-4264-40D2-9F4E-B8700A75FD02}|IABazaar.Repository.dll;"
		Debug.AspNetCompiler.VirtualPath = "/IABazaar.Website"
		Debug.AspNetCompiler.PhysicalPath = "IABazaar.Website\"
		Debug.AspNetCompiler.TargetPath = "PrecompiledWeb\IABazaar.Website\"
		Debug.AspNetCompiler.Updateable = "true"
		Debug.AspNetCompiler.ForceOverwrite = "true"
		Debug.AspNetCompiler.FixedNames = "false"
		Debug.AspNetCompiler.Debug = "True"
		Release.AspNetCompiler.VirtualPath = "/IABazaar.Website"
		Release.AspNetCompiler.PhysicalPath = "IABazaar.Website\"
		Release.AspNetCompiler.TargetPath = "PrecompiledWeb\IABazaar.Website\"
		Release.AspNetCompiler.Updateable = "true"
		Release.AspNetCompiler.ForceOverwrite = "true"
		Release.AspNetCompiler.FixedNames = "false"
		Release.AspNetCompiler.Debug = "False"
		VWDPort = "54777"
	EndProjectSection
EndProject
Global
	GlobalSection(SolutionConfigurationPlatforms) = preSolution
		Debug|Any CPU = Debug|Any CPU
		Release|Any CPU = Release|Any CPU
	EndGlobalSection
	GlobalSection(ProjectConfigurationPlatforms) = postSolution
		{365E2586-4952-4064-B846-6FD90D07AFEA}.Debug|Any CPU.ActiveCfg = Debug|Any CPU
		{365E2586-4952-4064-B846-6FD90D07AFEA}.Debug|Any CPU.Build.0 = Debug|Any CPU
		{365E2586-4952-4064-B846-6FD90D07AFEA}.Release|Any CPU.ActiveCfg = Release|Any CPU
		{365E2586-4952-4064-B846-6FD90D07AFEA}.Release|Any CPU.Build.0 = Release|Any CPU
		{9B52E668-4264-40D2-9F4E-B8700A75FD02}.Debug|Any CPU.ActiveCfg = Debug|Any CPU
		{9B52E668-4264-40D2-9F4E-B8700A75FD02}.Debug|Any CPU.Build.0 = Debug|Any CPU
		{9B52E668-4264-40D2-9F4E-B8700A75FD02}.Release|Any CPU.ActiveCfg = Release|Any CPU
		{9B52E668-4264-40D2-9F4E-B8700A75FD02}.Release|Any CPU.Build.0 = Release|Any CPU
		{72C76D6E-DD48-45A9-AB6B-C64BED64C523}.Debug|Any CPU.ActiveCfg = Debug|Any CPU
		{72C76D6E-DD48-45A9-AB6B-C64BED64C523}.Debug|Any CPU.Build.0 = Debug|Any CPU
		{72C76D6E-DD48-45A9-AB6B-C64BED64C523}.Release|Any CPU.ActiveCfg = Debug|Any CPU
		{72C76D6E-DD48-45A9-AB6B-C64BED64C523}.Release|Any CPU.Build.0 = Debug|Any CPU
	EndGlobalSection
	GlobalSection(SolutionProperties) = preSolution
		HideSolutionNode = FALSE
	EndGlobalSection
EndGlobal
